
Microsoft Visual Studio Solution File, Format Version 12.00
# Visual Studio Version 16
VisualStudioVersion = 16.0.36128.20
MinimumVisualStudioVersion = 10.0.40219.1
Project("{FAE04EC0-301F-11D3-BF4B-00C04F79EFBC}") = "@UnityProjectScripts", "@UnityProjectScripts.csproj", "{9C86F8D2-0923-447B-8730-EECDE4F6062C}"
EndProject
Global
	GlobalSection(SolutionConfigurationPlatforms) = preSolution
		Debug|Any CPU = Debug|Any CPU
		Release|Any CPU = Release|Any CPU
	EndGlobalSection
	GlobalSection(ProjectConfigurationPlatforms) = postSolution
		{9C86F8D2-0923-447B-8730-EECDE4F6062C}.Debug|Any CPU.ActiveCfg = Debug|Any CPU
		{9C86F8D2-0923-447B-8730-EECDE4F6062C}.Debug|Any CPU.Build.0 = Debug|Any CPU
		{9C86F8D2-0923-447B-8730-EECDE4F6062C}.Release|Any CPU.ActiveCfg = Release|Any CPU
		{9C86F8D2-0923-447B-8730-EECDE4F6062C}.Release|Any CPU.Build.0 = Release|Any CPU
	EndGlobalSection
	GlobalSection(SolutionProperties) = preSolution
		HideSolutionNode = FALSE
	EndGlobalSection
	GlobalSection(ExtensibilityGlobals) = postSolution
		SolutionGuid = {B3698C23-35DF-4C24-BA41-DDAA070192DF}
	EndGlobalSection
EndGlobal
